// !$*UTF8*$!
{
	archiveVersion = 1;
	classes = {
	};
	objectVersion = 46;
	objects = {

/* Begin PBXBuildFile section */
		9CE42E831C92EB4F001E73D0 /* main.c in Sources */ = {isa = PBXBuildFile; fileRef = 9CE42E821C92EB4F001E73D0 /* main.c */; };
		9CE42E8B1C9301D8001E73D0 /* stack.c in Sources */ = {isa = PBXBuildFile; fileRef = 9CE42E891C9301D8001E73D0 /* stack.c */; };
/* End PBXBuildFile section */

/* Begin PBXCopyFilesBuildPhase section */
		9CE42E7D1C92EB4F001E73D0 /* CopyFiles */ = {
			isa = PBXCopyFilesBuildPhase;
			buildActionMask = 2147483647;
			dstPath = /usr/share/man/man1/;
			dstSubfolderSpec = 0;
			files = (
			);
			runOnlyForDeploymentPostprocessing = 1;
		};
/* End PBXCopyFilesBuildPhase section */

/* Begin PBXFileReference section */
		9CE42E7F1C92EB4F001E73D0 /* zhan */ = {isa = PBXFileReference; explicitFileType = "compiled.mach-o.executable"; includeInIndex = 0; path = zhan; sourceTree = BUILT_PRODUCTS_DIR; };
		9CE42E821C92EB4F001E73D0 /* main.c */ = {isa = PBXFileReference; lastKnownFileType = sourcecode.c.c; path = main.c; sourceTree = "<group>"; };
		9CE42E891C9301D8001E73D0 /* stack.c */ = {isa = PBXFileReference; fileEncoding = 4; lastKnownFileType = sourcecode.c.c; path = stack.c; sourceTree = "<group>"; };
		9CE42E8A1C9301D8001E73D0 /* stack.h */ = {isa = PBXFileReference; fileEncoding = 4; lastKnownFileType = sourcecode.c.h; path = stack.h; sourceTree = "<group>"; };
/* End PBXFileReference section */

/* Begin PBXFrameworksBuildPhase section */
		9CE42E7C1C92EB4F001E73D0 /* Frameworks */ = {
			isa = PBXFrameworksBuildPhase;
			buildActionMask = 2147483647;
			files = (
			);
			runOnlyForDeploymentPostprocessing = 0;
		};
/* End PBXFrameworksBuildPhase section */

/* Begin PBXGroup section */
		9CE42E761C92EB4F001E73D0 = {
			isa = PBXGroup;
			children = (
				9CE42E811C92EB4F001E73D0 /* zhan */,
				9CE42E801C92EB4F001E73D0 /* Products */,
			);
			sourceTree = "<group>";
		};
		9CE42E801C92EB4F001E73D0 /* Products */ = {
			isa = PBXGroup;
			children = (
				9CE42E7F1C92EB4F001E73D0 /* zhan */,
			);
			name = Products;
			sourceTree = "<group>";
		};
		9CE42E811C92EB4F001E73D0 /* zhan */ = {
			isa = PBXGroup;
			children = (
				9CE42E821C92EB4F001E73D0 /* main.c */,
				9CE42E891C9301D8001E73D0 /* stack.c */,
				9CE42E8A1C9301D8001E73D0 /* stack.h */,
			);
			path = zhan;
			sourceTree = "<group>";
		};
/* End PBXGroup section */

/* Begin PBXNativeTarget section */
		9CE42E7E1C92EB4F001E73D0 /* zhan */ = {
			isa = PBXNativeTarget;
			buildConfigurationList = 9CE42E861C92EB4F001E73D0 /* Build configuration list for PBXNativeTarget "zhan" */;
			buildPhases = (
				9CE42E7B1C92EB4F001E73D0 /* Sources */,
				9CE42E7C1C92EB4F001E73D0 /* Frameworks */,
				9CE42E7D1C92EB4F001E73D0 /* CopyFiles */,
			);
			buildRules = (
			);
			dependencies = (
			);
			name = zhan;
			productName = zhan;
			productReference = 9CE42E7F1C92EB4F001E73D0 /* zhan */;
			productType = "com.apple.product-type.tool";
		};
/* End PBXNativeTarget section */

/* Begin PBXProject section */
		9CE42E771C92EB4F001E73D0 /* Project object */ = {
			isa = PBXProject;
			attributes = {
				LastUpgradeCheck = 0720;
				ORGANIZATIONNAME = "岳言";
				TargetAttributes = {
					9CE42E7E1C92EB4F001E73D0 = {
						CreatedOnToolsVersion = 7.2.1;
					};
				};
			};
			buildConfigurationList = 9CE42E7A1C92EB4F001E73D0 /* Build configuration list for PBXProject "zhan" */;
			compatibilityVersion = "Xcode 3.2";
			developmentRegion = English;
			hasScannedForEncodings = 0;
			knownRegions = (
				en,
			);
			mainGroup = 9CE42E761C92EB4F001E73D0;
			productRefGroup = 9CE42E801C92EB4F001E73D0 /* Products */;
			projectDirPath = "";
			projectRoot = "";
			targets = (
				9CE42E7E1C92EB4F001E73D0 /* zhan */,
			);
		};
/* End PBXProject section */

/* Begin PBXSourcesBuildPhase section */
		9CE42E7B1C92EB4F001E73D0 /* Sources */ = {
			isa = PBXSourcesBuildPhase;
			buildActionMask = 2147483647;
			files = (
				9CE42E8B1C9301D8001E73D0 /* stack.c in Sources */,
				9CE42E831C92EB4F001E73D0 /* main.c in Sources */,
			);
			runOnlyForDeploymentPostprocessing = 0;
		};
/* End PBXSourcesBuildPhase section */

/* Begin XCBuildConfiguration section */
		9CE42E841C92EB4F001E73D0 /* Debug */ = {
			isa = XCBuildConfiguration;
			buildSettings = {
				ALWAYS_SEARCH_USER_PATHS = NO;
				CLANG_CXX_LANGUAGE_STANDARD = "gnu++0x";
				CLANG_CXX_LIBRARY = "libc++";
				CLANG_ENABLE_MODULES = YES;
				CLANG_ENABLE_OBJC_ARC = YES;
				CLANG_WARN_BOOL_CONVERSION = YES;
				CLANG_WARN_CONSTANT_CONVERSION = YES;
				CLANG_WARN_DIRECT_OBJC_ISA_USAGE = YES_ERROR;
				CLANG_WARN_EMPTY_BODY = YES;
				CLANG_WARN_ENUM_CONVERSION = YES;
				CLANG_WARN_INT_CONVERSION = YES;
				CLANG_WARN_OBJC_ROOT_CLASS = YES_ERROR;
				CLANG_WARN_UNREACHABLE_CODE = YES;
				CLANG_WARN__DUPLICATE_METHOD_MATCH = YES;
				CODE_SIGN_IDENTITY = "-";
				COPY_PHASE_STRIP = NO;
				DEBUG_INFORMATION_FORMAT = dwarf;
				ENABLE_STRICT_OBJC_MSGSEND = YES;
				ENABLE_TESTABILITY = YES;
				GCC_C_LANGUAGE_STANDARD = gnu99;
				GCC_DYNAMIC_NO_PIC = NO;
				GCC_NO_COMMON_BLOCKS = YES;
				GCC_OPTIMIZATION_LEVEL = 0;
				GCC_PREPROCESSOR_DEFINITIONS = (
					"DEBUG=1",
					"$(inherited)",
				);
				GCC_WARN_64_TO_32_BIT_CONVERSION = YES;
				GCC_WARN_ABOUT_RETURN_TYPE = YES_ERROR;
				GCC_WARN_UNDECLARED_SELECTOR = YES;
				GCC_WARN_UNINITIALIZED_AUTOS = YES_AGGRESSIVE;
				GCC_WARN_UNUSED_FUNCTION = YES;
				GCC_WARN_UNUSED_VARIABLE = YES;
				MACOSX_DEPLOYMENT_TARGET = 10.11;
				MTL_ENABLE_DEBUG_INFO = YES;
				ONLY_ACTIVE_ARCH = YES;
				SDKROOT = macosx;
			};
			name = Debug;
		};
		9CE42E851C92EB4F001E73D0 /* Release */ = {
			isa = XCBuildConfiguration;
			buildSettings = {
				ALWAYS_SEARCH_USER_PATHS = NO;
				CLANG_CXX_LANGUAGE_STANDARD = "gnu++0x";
				CLANG_CXX_LIBRARY = "libc++";
				CLANG_ENABLE_MODULES = YES;
				CLANG_ENABLE_OBJC_ARC = YES;
				CLANG_WARN_BOOL_CONVERSION = YES;
				CLANG_WARN_CONSTANT_CONVERSION = YES;
				CLANG_WARN_DIRECT_OBJC_ISA_USAGE = YES_ERROR;
				CLANG_WARN_EMPTY_BODY = YES;
				CLANG_WARN_ENUM_CONVERSION = YES;
				CLANG_WARN_INT_CONVERSION = YES;
				CLANG_WARN_OBJC_ROOT_CLASS = YES_ERROR;
				CLANG_WARN_UNREACHABLE_CODE = YES;
				CLANG_WARN__DUPLICATE_METHOD_MATCH = YES;
				CODE_SIGN_IDENTITY = "-";
				COPY_PHASE_STRIP = NO;
				DEBUG_INFORMATION_FORMAT = "dwarf-with-dsym";
				ENABLE_NS_ASSERTIONS = NO;
				ENABLE_STRICT_OBJC_MSGSEND = YES;
				GCC_C_LANGUAGE_STANDARD = gnu99;
				GCC_NO_COMMON_BLOCKS = YES;
				GCC_WARN_64_TO_32_BIT_CONVERSION = YES;
				GCC_WARN_ABOUT_RETURN_TYPE = YES_ERROR;
				GCC_WARN_UNDECLARED_SELECTOR = YES;
				GCC_WARN_UNINITIALIZED_AUTOS = YES_AGGRESSIVE;
				GCC_WARN_UNUSED_FUNCTION = YES;
				GCC_WARN_UNUSED_VARIABLE = YES;
				MACOSX_DEPLOYMENT_TARGET = 10.11;
				MTL_ENABLE_DEBUG_INFO = NO;
				SDKROOT = macosx;
			};
			name = Release;
		};
		9CE42E871C92EB4F001E73D0 /* Debug */ = {
			isa = XCBuildConfiguration;
			buildSettings = {
				PRODUCT_NAME = "$(TARGET_NAME)";
			};
			name = Debug;
		};
		9CE42E881C92EB4F001E73D0 /* Release */ = {
			isa = XCBuildConfiguration;
			buildSettings = {
				PRODUCT_NAME = "$(TARGET_NAME)";
			};
			name = Release;
		};
/* End XCBuildConfiguration section */

/* Begin XCConfigurationList section */
		9CE42E7A1C92EB4F001E73D0 /* Build configuration list for PBXProject "zhan" */ = {
			isa = XCConfigurationList;
			buildConfigurations = (
				9CE42E841C92EB4F001E73D0 /* Debug */,
				9CE42E851C92EB4F001E73D0 /* Release */,
			);
			defaultConfigurationIsVisible = 0;
			defaultConfigurationName = Release;
		};
		9CE42E861C92EB4F001E73D0 /* Build configuration list for PBXNativeTarget "zhan" */ = {
			isa = XCConfigurationList;
			buildConfigurations = (
				9CE42E871C92EB4F001E73D0 /* Debug */,
				9CE42E881C92EB4F001E73D0 /* Release */,
			);
			defaultConfigurationIsVisible = 0;
			defaultConfigurationName = Release;
		};
/* End XCConfigurationList section */
	};
	rootObject = 9CE42E771C92EB4F001E73D0 /* Project object */;
}
